
Microsoft Visual Studio Solution File, Format Version 12.00
# Visual Studio Version 16
VisualStudioVersion = 16.0.31605.320
MinimumVisualStudioVersion = 10.0.40219.1
Project("{9A19103F-16F7-4668-BE54-9A1E7A4F7556}") = "RestAPIAsg", "RestAPIAsg\RestAPIAsg.csproj", "{37E9388A-4F81-4DB0-B140-DF39424A2AF8}"
EndProject
Project("{FAE04EC0-301F-11D3-BF4B-00C04F79EFBC}") = "web-api-tests", "web-api-tests\web-api-tests.csproj", "{D81DE68C-4CED-4D85-A10D-7E9C96DE7012}"
EndProject
Global
	GlobalSection(SolutionConfigurationPlatforms) = preSolution
		Debug|Any CPU = Debug|Any CPU
		Release|Any CPU = Release|Any CPU
	EndGlobalSection
	GlobalSection(ProjectConfigurationPlatforms) = postSolution
		{37E9388A-4F81-4DB0-B140-DF39424A2AF8}.Debug|Any CPU.ActiveCfg = Debug|Any CPU
		{37E9388A-4F81-4DB0-B140-DF39424A2AF8}.Debug|Any CPU.Build.0 = Debug|Any CPU
		{37E9388A-4F81-4DB0-B140-DF39424A2AF8}.Release|Any CPU.ActiveCfg = Release|Any CPU
		{37E9388A-4F81-4DB0-B140-DF39424A2AF8}.Release|Any CPU.Build.0 = Release|Any CPU
		{D81DE68C-4CED-4D85-A10D-7E9C96DE7012}.Debug|Any CPU.ActiveCfg = Debug|Any CPU
		{D81DE68C-4CED-4D85-A10D-7E9C96DE7012}.Debug|Any CPU.Build.0 = Debug|Any CPU
		{D81DE68C-4CED-4D85-A10D-7E9C96DE7012}.Release|Any CPU.ActiveCfg = Release|Any CPU
		{D81DE68C-4CED-4D85-A10D-7E9C96DE7012}.Release|Any CPU.Build.0 = Release|Any CPU
	EndGlobalSection
	GlobalSection(SolutionProperties) = preSolution
		HideSolutionNode = FALSE
	EndGlobalSection
	GlobalSection(ExtensibilityGlobals) = postSolution
		SolutionGuid = {1A0494EF-B79D-4B4A-B5CF-7655537F3F21}
	EndGlobalSection
EndGlobal
